github.com/aws/aws-lambda-go v1.29.0 h1:u+sfZkvNBUgt0ZkO8Q/jOMBV22DqMDMbZu04oomM2no=
github.com/aws/aws-lambda-go v1.29.0/go.mod h1:aakqVz9vDHhtbt0U2zegh/z9SI2+rJ+yRREZYNQLmWY=
github.com/davecgh/go-spew v1.1.1 h1:vj9j/u1bqnvCEfJOwUhtlOARqs3+rkHYY13jYWTU97c=
github.com/jesh-hub/account-book-slack/back-end/pkg/abs v0.0.0-20220412160708-d3e961cbbf05 h1:QJjOc75rx1tN9RBoF/ltyZQlfacVXSCjI54Ipr7NO30=
github.com/jesh-hub/account-book-slack/back-end/pkg/abs v0.0.0-20220412160708-d3e961cbbf05/go.mod h1:aGCL3n52DgLEnB2ZcoSxNgsfA0uzeMTB/QNBwcWvzWg=
github.com/joho/godotenv v1.4.0 h1:3l4+N6zfMWnkbPEXKng2o2/MR5mSwTrBih4ZEkkz1lg=
github.com/pmezard/go-difflib v1.0.0 h1:4DBwDE0NGyQoBHbLQYPwSUPoCMWR5BEzIk/f1lZbAQM=
github.com/stretchr/testify v1.7.1 h1:5TQK59W5E3v0r2duFAb7P95B6hEeOyEnHRa8MjYSMTY=
gopkg.in/yaml.v3 v3.0.0-20200615113413-eeeca48fe776 h1:tQIYjPdBoyREyB9XMu+nnTclpTYkz2zFM+lzLJFO4gQ=
